// !$*UTF8*$!
{
	archiveVersion = 1;
	classes = {
	};
	objectVersion = 46;
	objects = {

/* Begin PBXBuildFile section */
		083E58EC1C24C31F00A072A8 /* PS3ControllerButton.m in Sources */ = {isa = PBXBuildFile; fileRef = 083E58EB1C24C31F00A072A8 /* PS3ControllerButton.m */; };
		084F4B491C13F880008E7B7F /* main.m in Sources */ = {isa = PBXBuildFile; fileRef = 084F4B481C13F880008E7B7F /* main.m */; };
		084F4B501C13F8BB008E7B7F /* PS3Controller.m in Sources */ = {isa = PBXBuildFile; fileRef = 084F4B4F1C13F8BB008E7B7F /* PS3Controller.m */; };
		084F4B541C161621008E7B7F /* DDHidUsage.m in Sources */ = {isa = PBXBuildFile; fileRef = 084F4B531C161621008E7B7F /* DDHidUsage.m */; };
		084F4B571C16163D008E7B7F /* DDHidUsageTables.m in Sources */ = {isa = PBXBuildFile; fileRef = 084F4B561C16163D008E7B7F /* DDHidUsageTables.m */; };
		084F4B5A1C16177C008E7B7F /* DDHidElement.m in Sources */ = {isa = PBXBuildFile; fileRef = 084F4B591C16177C008E7B7F /* DDHidElement.m */; };
		084F4B5D1C1617A3008E7B7F /* NSDictionary+DDHidExtras.m in Sources */ = {isa = PBXBuildFile; fileRef = 084F4B5C1C1617A3008E7B7F /* NSDictionary+DDHidExtras.m */; };
		084F4B621C1651BA008E7B7F /* PS3ControllerDirectionPad.m in Sources */ = {isa = PBXBuildFile; fileRef = 084F4B611C1651BA008E7B7F /* PS3ControllerDirectionPad.m */; };
/* End PBXBuildFile section */

/* Begin PBXCopyFilesBuildPhase section */
		084F4B431C13F880008E7B7F /* CopyFiles */ = {
			isa = PBXCopyFilesBuildPhase;
			buildActionMask = 2147483647;
			dstPath = /usr/share/man/man1/;
			dstSubfolderSpec = 0;
			files = (
			);
			runOnlyForDeploymentPostprocessing = 1;
		};
/* End PBXCopyFilesBuildPhase section */

/* Begin PBXFileReference section */
		083E58EA1C24BDB600A072A8 /* PS3ControllerButton.h */ = {isa = PBXFileReference; lastKnownFileType = sourcecode.c.h; path = PS3ControllerButton.h; sourceTree = "<group>"; };
		083E58EB1C24C31F00A072A8 /* PS3ControllerButton.m */ = {isa = PBXFileReference; fileEncoding = 4; lastKnownFileType = sourcecode.c.objc; path = PS3ControllerButton.m; sourceTree = "<group>"; };
		084F4B451C13F880008E7B7F /* PS3Controller */ = {isa = PBXFileReference; explicitFileType = "compiled.mach-o.executable"; includeInIndex = 0; path = PS3Controller; sourceTree = BUILT_PRODUCTS_DIR; };
		084F4B481C13F880008E7B7F /* main.m */ = {isa = PBXFileReference; lastKnownFileType = sourcecode.c.objc; path = main.m; sourceTree = "<group>"; };
		084F4B4F1C13F8BB008E7B7F /* PS3Controller.m */ = {isa = PBXFileReference; fileEncoding = 4; lastKnownFileType = sourcecode.c.objc; path = PS3Controller.m; sourceTree = "<group>"; };
		084F4B511C13F8CD008E7B7F /* PS3Controller.h */ = {isa = PBXFileReference; lastKnownFileType = sourcecode.c.h; path = PS3Controller.h; sourceTree = "<group>"; };
		084F4B521C161621008E7B7F /* DDHidUsage.h */ = {isa = PBXFileReference; fileEncoding = 4; lastKnownFileType = sourcecode.c.h; path = DDHidUsage.h; sourceTree = "<group>"; };
		084F4B531C161621008E7B7F /* DDHidUsage.m */ = {isa = PBXFileReference; fileEncoding = 4; lastKnownFileType = sourcecode.c.objc; path = DDHidUsage.m; sourceTree = "<group>"; };
		084F4B551C16163D008E7B7F /* DDHidUsageTables.h */ = {isa = PBXFileReference; fileEncoding = 4; lastKnownFileType = sourcecode.c.h; path = DDHidUsageTables.h; sourceTree = "<group>"; };
		084F4B561C16163D008E7B7F /* DDHidUsageTables.m */ = {isa = PBXFileReference; fileEncoding = 4; lastKnownFileType = sourcecode.c.objc; path = DDHidUsageTables.m; sourceTree = "<group>"; };
		084F4B581C16177C008E7B7F /* DDHidElement.h */ = {isa = PBXFileReference; fileEncoding = 4; lastKnownFileType = sourcecode.c.h; path = DDHidElement.h; sourceTree = "<group>"; };
		084F4B591C16177C008E7B7F /* DDHidElement.m */ = {isa = PBXFileReference; fileEncoding = 4; lastKnownFileType = sourcecode.c.objc; path = DDHidElement.m; sourceTree = "<group>"; };
		084F4B5B1C1617A3008E7B7F /* NSDictionary+DDHidExtras.h */ = {isa = PBXFileReference; fileEncoding = 4; lastKnownFileType = sourcecode.c.h; path = "NSDictionary+DDHidExtras.h"; sourceTree = "<group>"; };
		084F4B5C1C1617A3008E7B7F /* NSDictionary+DDHidExtras.m */ = {isa = PBXFileReference; fileEncoding = 4; lastKnownFileType = sourcecode.c.objc; path = "NSDictionary+DDHidExtras.m"; sourceTree = "<group>"; };
		084F4B5E1C16395C008E7B7F /* PS3ControllerElement.h */ = {isa = PBXFileReference; lastKnownFileType = sourcecode.c.h; path = PS3ControllerElement.h; sourceTree = "<group>"; };
		084F4B611C1651BA008E7B7F /* PS3ControllerDirectionPad.m */ = {isa = PBXFileReference; fileEncoding = 4; lastKnownFileType = sourcecode.c.objc; path = PS3ControllerDirectionPad.m; sourceTree = "<group>"; };
		084F4B631C1651D3008E7B7F /* PS3ControllerDirectionPad.h */ = {isa = PBXFileReference; lastKnownFileType = sourcecode.c.h; path = PS3ControllerDirectionPad.h; sourceTree = "<group>"; };
		088157BC1C193D0300345741 /* DDHidStandardUsages.plist */ = {isa = PBXFileReference; fileEncoding = 4; lastKnownFileType = text.plist.xml; name = DDHidStandardUsages.plist; path = PS3Controller/DDHidStandardUsages.plist; sourceTree = "<group>"; };
/* End PBXFileReference section */

/* Begin PBXFrameworksBuildPhase section */
		084F4B421C13F880008E7B7F /* Frameworks */ = {
			isa = PBXFrameworksBuildPhase;
			buildActionMask = 2147483647;
			files = (
			);
			runOnlyForDeploymentPostprocessing = 0;
		};
/* End PBXFrameworksBuildPhase section */

/* Begin PBXGroup section */
		084F4B3C1C13F880008E7B7F = {
			isa = PBXGroup;
			children = (
				084F4B471C13F880008E7B7F /* PS3Controller */,
				088157BD1C193D0E00345741 /* Resources */,
				084F4B461C13F880008E7B7F /* Products */,
			);
			sourceTree = "<group>";
		};
		084F4B461C13F880008E7B7F /* Products */ = {
			isa = PBXGroup;
			children = (
				084F4B451C13F880008E7B7F /* PS3Controller */,
			);
			name = Products;
			sourceTree = "<group>";
		};
		084F4B471C13F880008E7B7F /* PS3Controller */ = {
			isa = PBXGroup;
			children = (
				084F4B481C13F880008E7B7F /* main.m */,
				084F4B581C16177C008E7B7F /* DDHidElement.h */,
				084F4B591C16177C008E7B7F /* DDHidElement.m */,
				084F4B5B1C1617A3008E7B7F /* NSDictionary+DDHidExtras.h */,
				084F4B5C1C1617A3008E7B7F /* NSDictionary+DDHidExtras.m */,
				084F4B4F1C13F8BB008E7B7F /* PS3Controller.m */,
				084F4B511C13F8CD008E7B7F /* PS3Controller.h */,
				084F4B521C161621008E7B7F /* DDHidUsage.h */,
				084F4B531C161621008E7B7F /* DDHidUsage.m */,
				084F4B551C16163D008E7B7F /* DDHidUsageTables.h */,
				084F4B561C16163D008E7B7F /* DDHidUsageTables.m */,
				084F4B5E1C16395C008E7B7F /* PS3ControllerElement.h */,
				084F4B631C1651D3008E7B7F /* PS3ControllerDirectionPad.h */,
				084F4B611C1651BA008E7B7F /* PS3ControllerDirectionPad.m */,
				083E58EA1C24BDB600A072A8 /* PS3ControllerButton.h */,
				083E58EB1C24C31F00A072A8 /* PS3ControllerButton.m */,
			);
			path = PS3Controller;
			sourceTree = "<group>";
		};
		088157BD1C193D0E00345741 /* Resources */ = {
			isa = PBXGroup;
			children = (
				088157BC1C193D0300345741 /* DDHidStandardUsages.plist */,
			);
			name = Resources;
			sourceTree = "<group>";
		};
/* End PBXGroup section */

/* Begin PBXNativeTarget section */
		084F4B441C13F880008E7B7F /* PS3Controller */ = {
			isa = PBXNativeTarget;
			buildConfigurationList = 084F4B4C1C13F880008E7B7F /* Build configuration list for PBXNativeTarget "PS3Controller" */;
			buildPhases = (
				084F4B411C13F880008E7B7F /* Sources */,
				084F4B421C13F880008E7B7F /* Frameworks */,
				084F4B431C13F880008E7B7F /* CopyFiles */,
			);
			buildRules = (
			);
			dependencies = (
			);
			name = PS3Controller;
			productName = PS3Controller;
			productReference = 084F4B451C13F880008E7B7F /* PS3Controller */;
			productType = "com.apple.product-type.tool";
		};
/* End PBXNativeTarget section */

/* Begin PBXProject section */
		084F4B3D1C13F880008E7B7F /* Project object */ = {
			isa = PBXProject;
			attributes = {
				LastUpgradeCheck = 0710;
				ORGANIZATIONNAME = Jia;
				TargetAttributes = {
					084F4B441C13F880008E7B7F = {
						CreatedOnToolsVersion = 7.1.1;
					};
				};
			};
			buildConfigurationList = 084F4B401C13F880008E7B7F /* Build configuration list for PBXProject "PS3Controller" */;
			compatibilityVersion = "Xcode 3.2";
			developmentRegion = English;
			hasScannedForEncodings = 0;
			knownRegions = (
				en,
			);
			mainGroup = 084F4B3C1C13F880008E7B7F;
			productRefGroup = 084F4B461C13F880008E7B7F /* Products */;
			projectDirPath = "";
			projectRoot = "";
			targets = (
				084F4B441C13F880008E7B7F /* PS3Controller */,
			);
		};
/* End PBXProject section */

/* Begin PBXSourcesBuildPhase section */
		084F4B411C13F880008E7B7F /* Sources */ = {
			isa = PBXSourcesBuildPhase;
			buildActionMask = 2147483647;
			files = (
				084F4B501C13F8BB008E7B7F /* PS3Controller.m in Sources */,
				084F4B5D1C1617A3008E7B7F /* NSDictionary+DDHidExtras.m in Sources */,
				084F4B621C1651BA008E7B7F /* PS3ControllerDirectionPad.m in Sources */,
				084F4B5A1C16177C008E7B7F /* DDHidElement.m in Sources */,
				083E58EC1C24C31F00A072A8 /* PS3ControllerButton.m in Sources */,
				084F4B491C13F880008E7B7F /* main.m in Sources */,
				084F4B571C16163D008E7B7F /* DDHidUsageTables.m in Sources */,
				084F4B541C161621008E7B7F /* DDHidUsage.m in Sources */,
			);
			runOnlyForDeploymentPostprocessing = 0;
		};
/* End PBXSourcesBuildPhase section */

/* Begin XCBuildConfiguration section */
		084F4B4A1C13F880008E7B7F /* Debug */ = {
			isa = XCBuildConfiguration;
			buildSettings = {
				ALWAYS_SEARCH_USER_PATHS = NO;
				CLANG_CXX_LANGUAGE_STANDARD = "gnu++0x";
				CLANG_CXX_LIBRARY = "libc++";
				CLANG_ENABLE_MODULES = YES;
				CLANG_ENABLE_OBJC_ARC = YES;
				CLANG_WARN_BOOL_CONVERSION = YES;
				CLANG_WARN_CONSTANT_CONVERSION = YES;
				CLANG_WARN_DIRECT_OBJC_ISA_USAGE = YES_ERROR;
				CLANG_WARN_EMPTY_BODY = YES;
				CLANG_WARN_ENUM_CONVERSION = YES;
				CLANG_WARN_INT_CONVERSION = YES;
				CLANG_WARN_OBJC_ROOT_CLASS = YES_ERROR;
				CLANG_WARN_UNREACHABLE_CODE = YES;
				CLANG_WARN__DUPLICATE_METHOD_MATCH = YES;
				CODE_SIGN_IDENTITY = "-";
				COPY_PHASE_STRIP = NO;
				DEBUG_INFORMATION_FORMAT = dwarf;
				ENABLE_STRICT_OBJC_MSGSEND = YES;
				ENABLE_TESTABILITY = YES;
				GCC_C_LANGUAGE_STANDARD = gnu99;
				GCC_DYNAMIC_NO_PIC = NO;
				GCC_NO_COMMON_BLOCKS = YES;
				GCC_OPTIMIZATION_LEVEL = 0;
				GCC_PREPROCESSOR_DEFINITIONS = (
					"DEBUG=1",
					"$(inherited)",
				);
				GCC_WARN_64_TO_32_BIT_CONVERSION = YES;
				GCC_WARN_ABOUT_RETURN_TYPE = YES_ERROR;
				GCC_WARN_UNDECLARED_SELECTOR = YES;
				GCC_WARN_UNINITIALIZED_AUTOS = YES_AGGRESSIVE;
				GCC_WARN_UNUSED_FUNCTION = YES;
				GCC_WARN_UNUSED_VARIABLE = YES;
				MACOSX_DEPLOYMENT_TARGET = 10.11;
				MTL_ENABLE_DEBUG_INFO = YES;
				ONLY_ACTIVE_ARCH = YES;
				SDKROOT = macosx;
			};
			name = Debug;
		};
		084F4B4B1C13F880008E7B7F /* Release */ = {
			isa = XCBuildConfiguration;
			buildSettings = {
				ALWAYS_SEARCH_USER_PATHS = NO;
				CLANG_CXX_LANGUAGE_STANDARD = "gnu++0x";
				CLANG_CXX_LIBRARY = "libc++";
				CLANG_ENABLE_MODULES = YES;
				CLANG_ENABLE_OBJC_ARC = YES;
				CLANG_WARN_BOOL_CONVERSION = YES;
				CLANG_WARN_CONSTANT_CONVERSION = YES;
				CLANG_WARN_DIRECT_OBJC_ISA_USAGE = YES_ERROR;
				CLANG_WARN_EMPTY_BODY = YES;
				CLANG_WARN_ENUM_CONVERSION = YES;
				CLANG_WARN_INT_CONVERSION = YES;
				CLANG_WARN_OBJC_ROOT_CLASS = YES_ERROR;
				CLANG_WARN_UNREACHABLE_CODE = YES;
				CLANG_WARN__DUPLICATE_METHOD_MATCH = YES;
				CODE_SIGN_IDENTITY = "-";
				COPY_PHASE_STRIP = NO;
				DEBUG_INFORMATION_FORMAT = "dwarf-with-dsym";
				ENABLE_NS_ASSERTIONS = NO;
				ENABLE_STRICT_OBJC_MSGSEND = YES;
				GCC_C_LANGUAGE_STANDARD = gnu99;
				GCC_NO_COMMON_BLOCKS = YES;
				GCC_WARN_64_TO_32_BIT_CONVERSION = YES;
				GCC_WARN_ABOUT_RETURN_TYPE = YES_ERROR;
				GCC_WARN_UNDECLARED_SELECTOR = YES;
				GCC_WARN_UNINITIALIZED_AUTOS = YES_AGGRESSIVE;
				GCC_WARN_UNUSED_FUNCTION = YES;
				GCC_WARN_UNUSED_VARIABLE = YES;
				MACOSX_DEPLOYMENT_TARGET = 10.11;
				MTL_ENABLE_DEBUG_INFO = NO;
				SDKROOT = macosx;
			};
			name = Release;
		};
		084F4B4D1C13F880008E7B7F /* Debug */ = {
			isa = XCBuildConfiguration;
			buildSettings = {
				PRODUCT_NAME = "$(TARGET_NAME)";
			};
			name = Debug;
		};
		084F4B4E1C13F880008E7B7F /* Release */ = {
			isa = XCBuildConfiguration;
			buildSettings = {
				PRODUCT_NAME = "$(TARGET_NAME)";
			};
			name = Release;
		};
/* End XCBuildConfiguration section */

/* Begin XCConfigurationList section */
		084F4B401C13F880008E7B7F /* Build configuration list for PBXProject "PS3Controller" */ = {
			isa = XCConfigurationList;
			buildConfigurations = (
				084F4B4A1C13F880008E7B7F /* Debug */,
				084F4B4B1C13F880008E7B7F /* Release */,
			);
			defaultConfigurationIsVisible = 0;
			defaultConfigurationName = Release;
		};
		084F4B4C1C13F880008E7B7F /* Build configuration list for PBXNativeTarget "PS3Controller" */ = {
			isa = XCConfigurationList;
			buildConfigurations = (
				084F4B4D1C13F880008E7B7F /* Debug */,
				084F4B4E1C13F880008E7B7F /* Release */,
			);
			defaultConfigurationIsVisible = 0;
			defaultConfigurationName = Release;
		};
/* End XCConfigurationList section */
	};
	rootObject = 084F4B3D1C13F880008E7B7F /* Project object */;
}
